
Microsoft Visual Studio Solution File, Format Version 12.00
# Visual Studio Version 17
VisualStudioVersion = 17.0.31903.59
MinimumVisualStudioVersion = 10.0.40219.1
Project("{F2A71F9B-5D33-465A-A702-920D77279786}") = "GostFSharp", "GostFSharp\GostFSharp.fsproj", "{F4F5181C-9033-412C-A493-F345131CE102}"
EndProject
Project("{FAE04EC0-301F-11D3-BF4B-00C04F79EFBC}") = "GostCsharp", "GostCsharp\GostCsharp.csproj", "{E45B186D-44F2-45FD-9C33-5F81F34B3ECB}"
EndProject
Project("{2150E333-8FDC-42A3-9474-1A3956D46DE8}") = "Solution Items", "Solution Items", "{3EDFD2C6-8164-4A27-80D6-271D9EF0F89F}"
	ProjectSection(SolutionItems) = preProject
		README.md = README.md
	EndProjectSection
EndProject
Global
	GlobalSection(SolutionConfigurationPlatforms) = preSolution
		Debug|Any CPU = Debug|Any CPU
		Release|Any CPU = Release|Any CPU
	EndGlobalSection
	GlobalSection(ProjectConfigurationPlatforms) = postSolution
		{F4F5181C-9033-412C-A493-F345131CE102}.Debug|Any CPU.ActiveCfg = Debug|Any CPU
		{F4F5181C-9033-412C-A493-F345131CE102}.Debug|Any CPU.Build.0 = Debug|Any CPU
		{F4F5181C-9033-412C-A493-F345131CE102}.Release|Any CPU.ActiveCfg = Release|Any CPU
		{F4F5181C-9033-412C-A493-F345131CE102}.Release|Any CPU.Build.0 = Release|Any CPU
		{E45B186D-44F2-45FD-9C33-5F81F34B3ECB}.Debug|Any CPU.ActiveCfg = Debug|Any CPU
		{E45B186D-44F2-45FD-9C33-5F81F34B3ECB}.Debug|Any CPU.Build.0 = Debug|Any CPU
		{E45B186D-44F2-45FD-9C33-5F81F34B3ECB}.Release|Any CPU.ActiveCfg = Release|Any CPU
		{E45B186D-44F2-45FD-9C33-5F81F34B3ECB}.Release|Any CPU.Build.0 = Release|Any CPU
	EndGlobalSection
	GlobalSection(SolutionProperties) = preSolution
		HideSolutionNode = FALSE
	EndGlobalSection
	GlobalSection(ExtensibilityGlobals) = postSolution
		SolutionGuid = {B1EBEB76-D1CC-4AFA-A203-F4FBC1DE9FA3}
	EndGlobalSection
EndGlobal
